
Microsoft Visual Studio Solution File, Format Version 12.00
# Visual Studio Version 16
VisualStudioVersion = 16.0.31105.61
MinimumVisualStudioVersion = 10.0.40219.1
Project("{9A19103F-16F7-4668-BE54-9A1E7A4F7556}") = "BlazorLifecycle", "BlazorLifecycle\BlazorLifecycle.csproj", "{EDEC0949-FEC4-412F-86D4-BEF8BF1D33DE}"
EndProject
Global
	GlobalSection(SolutionConfigurationPlatforms) = preSolution
		Debug|Any CPU = Debug|Any CPU
		Release|Any CPU = Release|Any CPU
	EndGlobalSection
	GlobalSection(ProjectConfigurationPlatforms) = postSolution
		{EDEC0949-FEC4-412F-86D4-BEF8BF1D33DE}.Debug|Any CPU.ActiveCfg = Debug|Any CPU
		{EDEC0949-FEC4-412F-86D4-BEF8BF1D33DE}.Debug|Any CPU.Build.0 = Debug|Any CPU
		{EDEC0949-FEC4-412F-86D4-BEF8BF1D33DE}.Release|Any CPU.ActiveCfg = Release|Any CPU
		{EDEC0949-FEC4-412F-86D4-BEF8BF1D33DE}.Release|Any CPU.Build.0 = Release|Any CPU
	EndGlobalSection
	GlobalSection(SolutionProperties) = preSolution
		HideSolutionNode = FALSE
	EndGlobalSection
	GlobalSection(ExtensibilityGlobals) = postSolution
		SolutionGuid = {E9528C96-1352-48DA-8366-AE04FA96286C}
	EndGlobalSection
EndGlobal
